{
  "name": "shared",
  "version": "1.0.0",
  "lockfileVersion": 1,
  "requires": true,
  "dependencies": {
    "eta": {
      "version": "1.12.1",
      "resolved": "https://registry.npmjs.org/eta/-/eta-1.12.1.tgz",
      "integrity": "sha512-H8npoci2J/7XiPnVcCVulBSPsTNGvGaINyMjQDU8AFqp9LGsEYS88g2CiU+d01Sg44WtX7o4nb8wUJ9vnI+tiA=="
    }
  }
}
